
Microsoft Visual Studio Solution File, Format Version 12.00
# Visual Studio Version 17
VisualStudioVersion = 17.0.31903.59
MinimumVisualStudioVersion = 10.0.40219.1
Project("{FAE04EC0-301F-11D3-BF4B-00C04F79EFBC}") = "Hydra.Shared", "core\Hydra.Shared\Hydra.Shared.csproj", "{A1B2C3D4-E5F6-7890-ABCD-EF1234567890}"
EndProject
Project("{FAE04EC0-301F-11D3-BF4B-00C04F79EFBC}") = "Tests.Shared", "core\Tests.Shared\Tests.Shared.csproj", "{B2C3D4E5-F6A7-8901-BCDE-F12345678901}"
EndProject
Project("{2150E333-8FDC-42A3-9474-1A3956D46DE8}") = "src", "src", "{827E0CD3-B72D-47B6-A68D-7590B98EB39B}"
EndProject
Project("{FAE04EC0-301F-11D3-BF4B-00C04F79EFBC}") = "Hydra.Core", "core\Hydra.Core\Hydra.Core.csproj", "{C3C15CE7-1A9D-451D-8E6B-0068ACDF1C32}"
EndProject
Project("{FAE04EC0-301F-11D3-BF4B-00C04F79EFBC}") = "Tests.Core", "core\Tests.Core\Tests.Core.csproj", "{CE0C4715-7DAF-47D2-90BC-743DE44EB6E1}"
EndProject
Project("{2150E333-8FDC-42A3-9474-1A3956D46DE8}") = "core", "core", "{8D626EA8-CB54-BC41-363A-217881BEBA6E}"
EndProject
Project("{FAE04EC0-301F-11D3-BF4B-00C04F79EFBC}") = "Tests.EngineParity", "core\Tests.EngineParity\Tests.EngineParity.csproj", "{D4E5F6A7-B8C9-0123-CDEF-4567890ABCDE}"
EndProject
Project("{FAE04EC0-301F-11D3-BF4B-00C04F79EFBC}") = "FakeLlamaEngine", "core\FakeLlamaEngine\FakeLlamaEngine.csproj", "{52D164B4-22E6-4679-B93E-44BC7CB8FFF5}"
EndProject
Project("{FAE04EC0-301F-11D3-BF4B-00C04F79EFBC}") = "Hydra.AppHost", "core\Hydra.AppHost\Hydra.AppHost.csproj", "{32D759A9-4C59-4A55-BA0A-8BA567989B55}"
EndProject
Project("{FAE04EC0-301F-11D3-BF4B-00C04F79EFBC}") = "Tests.AgentWorkload", "core\Tests.AgentWorkload\Tests.AgentWorkload.csproj", "{9C7BF86E-01C8-4116-8963-687725C51569}"
EndProject
Project("{FAE04EC0-301F-11D3-BF4B-00C04F79EFBC}") = "Tests.LiveRig", "core\Tests.LiveRig\Tests.LiveRig.csproj", "{F1A2B3C4-D5E6-7890-ABCD-EF1234567890}"
EndProject
Project("{FAE04EC0-301F-11D3-BF4B-00C04F79EFBC}") = "Tests.E2E", "core\Tests.E2E\Tests.E2E.csproj", "{88F160C3-E3BB-4050-AB5A-9BCF88AB8994}"
EndProject
Project("{2150E333-8FDC-42A3-9474-1A3956D46DE8}") = "core", "core", "{FBF56CC3-7AE6-AD2D-3F14-7F97FD322CD6}"
EndProject
Project("{FAE04EC0-301F-11D3-BF4B-00C04F79EFBC}") = "Hydra.StateMachine", "core\Hydra.StateMachine\Hydra.StateMachine.csproj", "{15252785-ED98-44A9-89F4-FD82C6230F09}"
EndProject
Project("{FAE04EC0-301F-11D3-BF4B-00C04F79EFBC}") = "Tests.StateMachine", "core\Tests.StateMachine\Tests.StateMachine.csproj", "{866E4F76-F9DF-4A23-BED8-6E4C37CC8FEA}"
EndProject
Project("{FAE04EC0-301F-11D3-BF4B-00C04F79EFBC}") = "Hydra.Core.Scheduling", "core\Hydra.Core.Scheduling\Hydra.Core.Scheduling.csproj", "{A03E4E44-25F9-4C78-BE71-B67C5AE13432}"
EndProject
Project("{FAE04EC0-301F-11D3-BF4B-00C04F79EFBC}") = "Tests.Core.Scheduling", "core\Tests.Core.Scheduling\Tests.Core.Scheduling.csproj", "{BF52ED9B-73DB-48AA-AE17-EA55F661834A}"
EndProject
Global
	GlobalSection(SolutionConfigurationPlatforms) = preSolution
		Debug|Any CPU = Debug|Any CPU
		Debug|x64 = Debug|x64
		Debug|x86 = Debug|x86
		Release|Any CPU = Release|Any CPU
		Release|x64 = Release|x64
		Release|x86 = Release|x86
	EndGlobalSection
	GlobalSection(ProjectConfigurationPlatforms) = postSolution
		{A1B2C3D4-E5F6-7890-ABCD-EF1234567890}.Debug|Any CPU.ActiveCfg = Debug|Any CPU
		{A1B2C3D4-E5F6-7890-ABCD-EF1234567890}.Debug|Any CPU.Build.0 = Debug|Any CPU
		{A1B2C3D4-E5F6-7890-ABCD-EF1234567890}.Debug|x64.ActiveCfg = Debug|Any CPU
		{A1B2C3D4-E5F6-7890-ABCD-EF1234567890}.Debug|x64.Build.0 = Debug|Any CPU
		{A1B2C3D4-E5F6-7890-ABCD-EF1234567890}.Debug|x86.ActiveCfg = Debug|Any CPU
		{A1B2C3D4-E5F6-7890-ABCD-EF1234567890}.Debug|x86.Build.0 = Debug|Any CPU
		{A1B2C3D4-E5F6-7890-ABCD-EF1234567890}.Release|Any CPU.ActiveCfg = Release|Any CPU
		{A1B2C3D4-E5F6-7890-ABCD-EF1234567890}.Release|Any CPU.Build.0 = Release|Any CPU
		{A1B2C3D4-E5F6-7890-ABCD-EF1234567890}.Release|x64.ActiveCfg = Release|Any CPU
		{A1B2C3D4-E5F6-7890-ABCD-EF1234567890}.Release|x64.Build.0 = Release|Any CPU
		{A1B2C3D4-E5F6-7890-ABCD-EF1234567890}.Release|x86.ActiveCfg = Release|Any CPU
		{A1B2C3D4-E5F6-7890-ABCD-EF1234567890}.Release|x86.Build.0 = Release|Any CPU
		{B2C3D4E5-F6A7-8901-BCDE-F12345678901}.Debug|Any CPU.ActiveCfg = Debug|Any CPU
		{B2C3D4E5-F6A7-8901-BCDE-F12345678901}.Debug|Any CPU.Build.0 = Debug|Any CPU
		{B2C3D4E5-F6A7-8901-BCDE-F12345678901}.Debug|x64.ActiveCfg = Debug|Any CPU
		{B2C3D4E5-F6A7-8901-BCDE-F12345678901}.Debug|x64.Build.0 = Debug|Any CPU
		{B2C3D4E5-F6A7-8901-BCDE-F12345678901}.Debug|x86.ActiveCfg = Debug|Any CPU
		{B2C3D4E5-F6A7-8901-BCDE-F12345678901}.Debug|x86.Build.0 = Debug|Any CPU
		{B2C3D4E5-F6A7-8901-BCDE-F12345678901}.Release|Any CPU.ActiveCfg = Release|Any CPU
		{B2C3D4E5-F6A7-8901-BCDE-F12345678901}.Release|Any CPU.Build.0 = Release|Any CPU
		{B2C3D4E5-F6A7-8901-BCDE-F12345678901}.Release|x64.ActiveCfg = Release|Any CPU
		{B2C3D4E5-F6A7-8901-BCDE-F12345678901}.Release|x64.Build.0 = Release|Any CPU
		{B2C3D4E5-F6A7-8901-BCDE-F12345678901}.Release|x86.ActiveCfg = Release|Any CPU
		{B2C3D4E5-F6A7-8901-BCDE-F12345678901}.Release|x86.Build.0 = Release|Any CPU
		{C3C15CE7-1A9D-451D-8E6B-0068ACDF1C32}.Debug|Any CPU.ActiveCfg = Debug|Any CPU
		{C3C15CE7-1A9D-451D-8E6B-0068ACDF1C32}.Debug|Any CPU.Build.0 = Debug|Any CPU
		{C3C15CE7-1A9D-451D-8E6B-0068ACDF1C32}.Debug|x64.ActiveCfg = Debug|Any CPU
		{C3C15CE7-1A9D-451D-8E6B-0068ACDF1C32}.Debug|x64.Build.0 = Debug|Any CPU
		{C3C15CE7-1A9D-451D-8E6B-0068ACDF1C32}.Debug|x86.ActiveCfg = Debug|Any CPU
		{C3C15CE7-1A9D-451D-8E6B-0068ACDF1C32}.Debug|x86.Build.0 = Debug|Any CPU
		{C3C15CE7-1A9D-451D-8E6B-0068ACDF1C32}.Release|Any CPU.ActiveCfg = Release|Any CPU
		{C3C15CE7-1A9D-451D-8E6B-0068ACDF1C32}.Release|Any CPU.Build.0 = Release|Any CPU
		{C3C15CE7-1A9D-451D-8E6B-0068ACDF1C32}.Release|x64.ActiveCfg = Release|Any CPU
		{C3C15CE7-1A9D-451D-8E6B-0068ACDF1C32}.Release|x64.Build.0 = Release|Any CPU
		{C3C15CE7-1A9D-451D-8E6B-0068ACDF1C32}.Release|x86.ActiveCfg = Release|Any CPU
		{C3C15CE7-1A9D-451D-8E6B-0068ACDF1C32}.Release|x86.Build.0 = Release|Any CPU
		{CE0C4715-7DAF-47D2-90BC-743DE44EB6E1}.Debug|Any CPU.ActiveCfg = Debug|Any CPU
		{CE0C4715-7DAF-47D2-90BC-743DE44EB6E1}.Debug|Any CPU.Build.0 = Debug|Any CPU
		{CE0C4715-7DAF-47D2-90BC-743DE44EB6E1}.Debug|x64.ActiveCfg = Debug|Any CPU
		{CE0C4715-7DAF-47D2-90BC-743DE44EB6E1}.Debug|x64.Build.0 = Debug|Any CPU
		{CE0C4715-7DAF-47D2-90BC-743DE44EB6E1}.Debug|x86.ActiveCfg = Debug|Any CPU
		{CE0C4715-7DAF-47D2-90BC-743DE44EB6E1}.Debug|x86.Build.0 = Debug|Any CPU
		{CE0C4715-7DAF-47D2-90BC-743DE44EB6E1}.Release|Any CPU.ActiveCfg = Release|Any CPU
		{CE0C4715-7DAF-47D2-90BC-743DE44EB6E1}.Release|Any CPU.Build.0 = Release|Any CPU
		{CE0C4715-7DAF-47D2-90BC-743DE44EB6E1}.Release|x64.ActiveCfg = Release|Any CPU
		{CE0C4715-7DAF-47D2-90BC-743DE44EB6E1}.Release|x64.Build.0 = Release|Any CPU
		{CE0C4715-7DAF-47D2-90BC-743DE44EB6E1}.Release|x86.ActiveCfg = Release|Any CPU
		{CE0C4715-7DAF-47D2-90BC-743DE44EB6E1}.Release|x86.Build.0 = Release|Any CPU
		{D4E5F6A7-B8C9-0123-CDEF-4567890ABCDE}.Debug|Any CPU.ActiveCfg = Debug|Any CPU
		{D4E5F6A7-B8C9-0123-CDEF-4567890ABCDE}.Debug|Any CPU.Build.0 = Debug|Any CPU
		{D4E5F6A7-B8C9-0123-CDEF-4567890ABCDE}.Debug|x64.ActiveCfg = Debug|Any CPU
		{D4E5F6A7-B8C9-0123-CDEF-4567890ABCDE}.Debug|x64.Build.0 = Debug|Any CPU
		{D4E5F6A7-B8C9-0123-CDEF-4567890ABCDE}.Debug|x86.ActiveCfg = Debug|Any CPU
		{D4E5F6A7-B8C9-0123-CDEF-4567890ABCDE}.Debug|x86.Build.0 = Debug|Any CPU
		{D4E5F6A7-B8C9-0123-CDEF-4567890ABCDE}.Release|Any CPU.ActiveCfg = Release|Any CPU
		{D4E5F6A7-B8C9-0123-CDEF-4567890ABCDE}.Release|Any CPU.Build.0 = Release|Any CPU
		{D4E5F6A7-B8C9-0123-CDEF-4567890ABCDE}.Release|x64.ActiveCfg = Release|Any CPU
		{D4E5F6A7-B8C9-0123-CDEF-4567890ABCDE}.Release|x64.Build.0 = Release|Any CPU
		{D4E5F6A7-B8C9-0123-CDEF-4567890ABCDE}.Release|x86.ActiveCfg = Release|Any CPU
		{D4E5F6A7-B8C9-0123-CDEF-4567890ABCDE}.Release|x86.Build.0 = Release|Any CPU
		{52D164B4-22E6-4679-B93E-44BC7CB8FFF5}.Debug|Any CPU.ActiveCfg = Debug|Any CPU
		{52D164B4-22E6-4679-B93E-44BC7CB8FFF5}.Debug|Any CPU.Build.0 = Debug|Any CPU
		{52D164B4-22E6-4679-B93E-44BC7CB8FFF5}.Debug|x64.ActiveCfg = Debug|Any CPU
		{52D164B4-22E6-4679-B93E-44BC7CB8FFF5}.Debug|x64.Build.0 = Debug|Any CPU
		{52D164B4-22E6-4679-B93E-44BC7CB8FFF5}.Debug|x86.ActiveCfg = Debug|Any CPU
		{52D164B4-22E6-4679-B93E-44BC7CB8FFF5}.Debug|x86.Build.0 = Debug|Any CPU
		{52D164B4-22E6-4679-B93E-44BC7CB8FFF5}.Release|Any CPU.ActiveCfg = Release|Any CPU
		{52D164B4-22E6-4679-B93E-44BC7CB8FFF5}.Release|Any CPU.Build.0 = Release|Any CPU
		{52D164B4-22E6-4679-B93E-44BC7CB8FFF5}.Release|x64.ActiveCfg = Release|Any CPU
		{52D164B4-22E6-4679-B93E-44BC7CB8FFF5}.Release|x64.Build.0 = Release|Any CPU
		{52D164B4-22E6-4679-B93E-44BC7CB8FFF5}.Release|x86.ActiveCfg = Release|Any CPU
		{52D164B4-22E6-4679-B93E-44BC7CB8FFF5}.Release|x86.Build.0 = Release|Any CPU
		{32D759A9-4C59-4A55-BA0A-8BA567989B55}.Debug|Any CPU.ActiveCfg = Debug|Any CPU
		{32D759A9-4C59-4A55-BA0A-8BA567989B55}.Debug|Any CPU.Build.0 = Debug|Any CPU
		{32D759A9-4C59-4A55-BA0A-8BA567989B55}.Debug|x64.ActiveCfg = Debug|Any CPU
		{32D759A9-4C59-4A55-BA0A-8BA567989B55}.Debug|x64.Build.0 = Debug|Any CPU
		{32D759A9-4C59-4A55-BA0A-8BA567989B55}.Debug|x86.ActiveCfg = Debug|Any CPU
		{32D759A9-4C59-4A55-BA0A-8BA567989B55}.Debug|x86.Build.0 = Debug|Any CPU
		{32D759A9-4C59-4A55-BA0A-8BA567989B55}.Release|Any CPU.ActiveCfg = Release|Any CPU
		{32D759A9-4C59-4A55-BA0A-8BA567989B55}.Release|Any CPU.Build.0 = Release|Any CPU
		{32D759A9-4C59-4A55-BA0A-8BA567989B55}.Release|x64.ActiveCfg = Release|Any CPU
		{32D759A9-4C59-4A55-BA0A-8BA567989B55}.Release|x64.Build.0 = Release|Any CPU
		{32D759A9-4C59-4A55-BA0A-8BA567989B55}.Release|x86.ActiveCfg = Release|Any CPU
		{32D759A9-4C59-4A55-BA0A-8BA567989B55}.Release|x86.Build.0 = Release|Any CPU
		{9C7BF86E-01C8-4116-8963-687725C51569}.Debug|Any CPU.ActiveCfg = Debug|Any CPU
		{9C7BF86E-01C8-4116-8963-687725C51569}.Debug|Any CPU.Build.0 = Debug|Any CPU
		{9C7BF86E-01C8-4116-8963-687725C51569}.Debug|x64.ActiveCfg = Debug|Any CPU
		{9C7BF86E-01C8-4116-8963-687725C51569}.Debug|x64.Build.0 = Debug|Any CPU
		{9C7BF86E-01C8-4116-8963-687725C51569}.Debug|x86.ActiveCfg = Debug|Any CPU
		{9C7BF86E-01C8-4116-8963-687725C51569}.Debug|x86.Build.0 = Debug|Any CPU
		{9C7BF86E-01C8-4116-8963-687725C51569}.Release|Any CPU.ActiveCfg = Release|Any CPU
		{9C7BF86E-01C8-4116-8963-687725C51569}.Release|Any CPU.Build.0 = Release|Any CPU
		{9C7BF86E-01C8-4116-8963-687725C51569}.Release|x64.ActiveCfg = Release|Any CPU
		{9C7BF86E-01C8-4116-8963-687725C51569}.Release|x64.Build.0 = Release|Any CPU
		{9C7BF86E-01C8-4116-8963-687725C51569}.Release|x86.ActiveCfg = Release|Any CPU
		{9C7BF86E-01C8-4116-8963-687725C51569}.Release|x86.Build.0 = Release|Any CPU
		{F1A2B3C4-D5E6-7890-ABCD-EF1234567890}.Debug|Any CPU.ActiveCfg = Debug|Any CPU
		{F1A2B3C4-D5E6-7890-ABCD-EF1234567890}.Debug|Any CPU.Build.0 = Debug|Any CPU
		{F1A2B3C4-D5E6-7890-ABCD-EF1234567890}.Debug|x64.ActiveCfg = Debug|Any CPU
		{F1A2B3C4-D5E6-7890-ABCD-EF1234567890}.Debug|x64.Build.0 = Debug|Any CPU
		{F1A2B3C4-D5E6-7890-ABCD-EF1234567890}.Debug|x86.ActiveCfg = Debug|Any CPU
		{F1A2B3C4-D5E6-7890-ABCD-EF1234567890}.Debug|x86.Build.0 = Debug|Any CPU
		{F1A2B3C4-D5E6-7890-ABCD-EF1234567890}.Release|Any CPU.ActiveCfg = Release|Any CPU
		{F1A2B3C4-D5E6-7890-ABCD-EF1234567890}.Release|Any CPU.Build.0 = Release|Any CPU
		{F1A2B3C4-D5E6-7890-ABCD-EF1234567890}.Release|x64.ActiveCfg = Release|Any CPU
		{F1A2B3C4-D5E6-7890-ABCD-EF1234567890}.Release|x64.Build.0 = Release|Any CPU
		{F1A2B3C4-D5E6-7890-ABCD-EF1234567890}.Release|x86.ActiveCfg = Release|Any CPU
		{F1A2B3C4-D5E6-7890-ABCD-EF1234567890}.Release|x86.Build.0 = Release|Any CPU
		{88F160C3-E3BB-4050-AB5A-9BCF88AB8994}.Debug|Any CPU.ActiveCfg = Debug|Any CPU
		{88F160C3-E3BB-4050-AB5A-9BCF88AB8994}.Debug|Any CPU.Build.0 = Debug|Any CPU
		{88F160C3-E3BB-4050-AB5A-9BCF88AB8994}.Debug|x64.ActiveCfg = Debug|Any CPU
		{88F160C3-E3BB-4050-AB5A-9BCF88AB8994}.Debug|x64.Build.0 = Debug|Any CPU
		{88F160C3-E3BB-4050-AB5A-9BCF88AB8994}.Debug|x86.ActiveCfg = Debug|Any CPU
		{88F160C3-E3BB-4050-AB5A-9BCF88AB8994}.Debug|x86.Build.0 = Debug|Any CPU
		{88F160C3-E3BB-4050-AB5A-9BCF88AB8994}.Release|Any CPU.ActiveCfg = Release|Any CPU
		{88F160C3-E3BB-4050-AB5A-9BCF88AB8994}.Release|Any CPU.Build.0 = Release|Any CPU
		{88F160C3-E3BB-4050-AB5A-9BCF88AB8994}.Release|x64.ActiveCfg = Release|Any CPU
		{88F160C3-E3BB-4050-AB5A-9BCF88AB8994}.Release|x64.Build.0 = Release|Any CPU
		{88F160C3-E3BB-4050-AB5A-9BCF88AB8994}.Release|x86.ActiveCfg = Release|Any CPU
		{88F160C3-E3BB-4050-AB5A-9BCF88AB8994}.Release|x86.Build.0 = Release|Any CPU
		{15252785-ED98-44A9-89F4-FD82C6230F09}.Debug|Any CPU.ActiveCfg = Debug|Any CPU
		{15252785-ED98-44A9-89F4-FD82C6230F09}.Debug|Any CPU.Build.0 = Debug|Any CPU
		{15252785-ED98-44A9-89F4-FD82C6230F09}.Debug|x64.ActiveCfg = Debug|Any CPU
		{15252785-ED98-44A9-89F4-FD82C6230F09}.Debug|x64.Build.0 = Debug|Any CPU
		{15252785-ED98-44A9-89F4-FD82C6230F09}.Debug|x86.ActiveCfg = Debug|Any CPU
		{15252785-ED98-44A9-89F4-FD82C6230F09}.Debug|x86.Build.0 = Debug|Any CPU
		{15252785-ED98-44A9-89F4-FD82C6230F09}.Release|Any CPU.ActiveCfg = Release|Any CPU
		{15252785-ED98-44A9-89F4-FD82C6230F09}.Release|Any CPU.Build.0 = Release|Any CPU
		{15252785-ED98-44A9-89F4-FD82C6230F09}.Release|x64.ActiveCfg = Release|Any CPU
		{15252785-ED98-44A9-89F4-FD82C6230F09}.Release|x64.Build.0 = Release|Any CPU
		{15252785-ED98-44A9-89F4-FD82C6230F09}.Release|x86.ActiveCfg = Release|Any CPU
		{15252785-ED98-44A9-89F4-FD82C6230F09}.Release|x86.Build.0 = Release|Any CPU
		{866E4F76-F9DF-4A23-BED8-6E4C37CC8FEA}.Debug|Any CPU.ActiveCfg = Debug|Any CPU
		{866E4F76-F9DF-4A23-BED8-6E4C37CC8FEA}.Debug|Any CPU.Build.0 = Debug|Any CPU
		{866E4F76-F9DF-4A23-BED8-6E4C37CC8FEA}.Debug|x64.ActiveCfg = Debug|Any CPU
		{866E4F76-F9DF-4A23-BED8-6E4C37CC8FEA}.Debug|x64.Build.0 = Debug|Any CPU
		{866E4F76-F9DF-4A23-BED8-6E4C37CC8FEA}.Debug|x86.ActiveCfg = Debug|Any CPU
		{866E4F76-F9DF-4A23-BED8-6E4C37CC8FEA}.Debug|x86.Build.0 = Debug|Any CPU
		{866E4F76-F9DF-4A23-BED8-6E4C37CC8FEA}.Release|Any CPU.ActiveCfg = Release|Any CPU
		{866E4F76-F9DF-4A23-BED8-6E4C37CC8FEA}.Release|Any CPU.Build.0 = Release|Any CPU
		{866E4F76-F9DF-4A23-BED8-6E4C37CC8FEA}.Release|x64.ActiveCfg = Release|Any CPU
		{866E4F76-F9DF-4A23-BED8-6E4C37CC8FEA}.Release|x64.Build.0 = Release|Any CPU
		{866E4F76-F9DF-4A23-BED8-6E4C37CC8FEA}.Release|x86.ActiveCfg = Release|Any CPU
		{866E4F76-F9DF-4A23-BED8-6E4C37CC8FEA}.Release|x86.Build.0 = Release|Any CPU
		{A03E4E44-25F9-4C78-BE71-B67C5AE13432}.Debug|Any CPU.ActiveCfg = Debug|Any CPU
		{A03E4E44-25F9-4C78-BE71-B67C5AE13432}.Debug|Any CPU.Build.0 = Debug|Any CPU
		{A03E4E44-25F9-4C78-BE71-B67C5AE13432}.Debug|x64.ActiveCfg = Debug|Any CPU
		{A03E4E44-25F9-4C78-BE71-B67C5AE13432}.Debug|x64.Build.0 = Debug|Any CPU
		{A03E4E44-25F9-4C78-BE71-B67C5AE13432}.Debug|x86.ActiveCfg = Debug|Any CPU
		{A03E4E44-25F9-4C78-BE71-B67C5AE13432}.Debug|x86.Build.0 = Debug|Any CPU
		{A03E4E44-25F9-4C78-BE71-B67C5AE13432}.Release|Any CPU.ActiveCfg = Release|Any CPU
		{A03E4E44-25F9-4C78-BE71-B67C5AE13432}.Release|Any CPU.Build.0 = Release|Any CPU
		{A03E4E44-25F9-4C78-BE71-B67C5AE13432}.Release|x64.ActiveCfg = Release|Any CPU
		{A03E4E44-25F9-4C78-BE71-B67C5AE13432}.Release|x64.Build.0 = Release|Any CPU
		{A03E4E44-25F9-4C78-BE71-B67C5AE13432}.Release|x86.ActiveCfg = Release|Any CPU
		{A03E4E44-25F9-4C78-BE71-B67C5AE13432}.Release|x86.Build.0 = Release|Any CPU
		{BF52ED9B-73DB-48AA-AE17-EA55F661834A}.Debug|Any CPU.ActiveCfg = Debug|Any CPU
		{BF52ED9B-73DB-48AA-AE17-EA55F661834A}.Debug|Any CPU.Build.0 = Debug|Any CPU
		{BF52ED9B-73DB-48AA-AE17-EA55F661834A}.Debug|x64.ActiveCfg = Debug|Any CPU
		{BF52ED9B-73DB-48AA-AE17-EA55F661834A}.Debug|x64.Build.0 = Debug|Any CPU
		{BF52ED9B-73DB-48AA-AE17-EA55F661834A}.Debug|x86.ActiveCfg = Debug|Any CPU
		{BF52ED9B-73DB-48AA-AE17-EA55F661834A}.Debug|x86.Build.0 = Debug|Any CPU
		{BF52ED9B-73DB-48AA-AE17-EA55F661834A}.Release|Any CPU.ActiveCfg = Release|Any CPU
		{BF52ED9B-73DB-48AA-AE17-EA55F661834A}.Release|Any CPU.Build.0 = Release|Any CPU
		{BF52ED9B-73DB-48AA-AE17-EA55F661834A}.Release|x64.ActiveCfg = Release|Any CPU
		{BF52ED9B-73DB-48AA-AE17-EA55F661834A}.Release|x64.Build.0 = Release|Any CPU
		{BF52ED9B-73DB-48AA-AE17-EA55F661834A}.Release|x86.ActiveCfg = Release|Any CPU
		{BF52ED9B-73DB-48AA-AE17-EA55F661834A}.Release|x86.Build.0 = Release|Any CPU
	EndGlobalSection
	GlobalSection(SolutionProperties) = preSolution
		HideSolutionNode = FALSE
	EndGlobalSection
	GlobalSection(NestedProjects) = preSolution
		{C3C15CE7-1A9D-451D-8E6B-0068ACDF1C32} = {827E0CD3-B72D-47B6-A68D-7590B98EB39B}
		{CE0C4715-7DAF-47D2-90BC-743DE44EB6E1} = {827E0CD3-B72D-47B6-A68D-7590B98EB39B}
		{8D626EA8-CB54-BC41-363A-217881BEBA6E} = {827E0CD3-B72D-47B6-A68D-7590B98EB39B}
		{D4E5F6A7-B8C9-0123-CDEF-4567890ABCDE} = {8D626EA8-CB54-BC41-363A-217881BEBA6E}
		{52D164B4-22E6-4679-B93E-44BC7CB8FFF5} = {8D626EA8-CB54-BC41-363A-217881BEBA6E}
		{32D759A9-4C59-4A55-BA0A-8BA567989B55} = {8D626EA8-CB54-BC41-363A-217881BEBA6E}
		{9C7BF86E-01C8-4116-8963-687725C51569} = {8D626EA8-CB54-BC41-363A-217881BEBA6E}
		{F1A2B3C4-D5E6-7890-ABCD-EF1234567890} = {8D626EA8-CB54-BC41-363A-217881BEBA6E}
		{88F160C3-E3BB-4050-AB5A-9BCF88AB8994} = {8D626EA8-CB54-BC41-363A-217881BEBA6E}
		{15252785-ED98-44A9-89F4-FD82C6230F09} = {8D626EA8-CB54-BC41-363A-217881BEBA6E}
		{866E4F76-F9DF-4A23-BED8-6E4C37CC8FEA} = {8D626EA8-CB54-BC41-363A-217881BEBA6E}
		{A03E4E44-25F9-4C78-BE71-B67C5AE13432} = {8D626EA8-CB54-BC41-363A-217881BEBA6E}
		{BF52ED9B-73DB-48AA-AE17-EA55F661834A} = {8D626EA8-CB54-BC41-363A-217881BEBA6E}
	EndGlobalSection
EndGlobal
